github.com/github/copilot-sdk/go v0.1.17 h1:5SIz3geIU8c2t1Ugc0g0GqNa4oSlQ56wYDxzmi2rQog=
github.com/github/copilot-sdk/go v0.1.17/go.mod h1:0SYT+64k347IDT0Trn4JHVFlUhPtGSE6ab479tU/+tY=
github.com/google/jsonschema-go v0.4.2 h1:tmrUohrwoLZZS/P3x7ex0WAVknEkBZM46iALbcqoRA8=
github.com/google/jsonschema-go v0.4.2/go.mod h1:r5quNTdLOYEz95Ru18zA0ydNbBuYoo9tgaYcxEYhJVE=
